// !$*UTF8*$!
{
	archiveVersion = 1;
	classes = {
	};
	objectVersion = 51;
	objects = {

/* Begin PBXBuildFile section */
		6611515BB10863644FDE3164 /* Pods_watch_demo_Extension.framework in Frameworks */ = {isa = PBXBuildFile; fileRef = 995F3E7D6C615EE6C20F56C7 /* Pods_watch_demo_Extension.framework */; };
		886E77B2A944CDABC339F5E6 /* Pods_covid_demo.framework in Frameworks */ = {isa = PBXBuildFile; fileRef = 5A8F8AD931E5D58BA978BBE3 /* Pods_covid_demo.framework */; };
		C31DD06224CFA49F00285199 /* Geohash.swift in Sources */ = {isa = PBXBuildFile; fileRef = C3ABEA3924CF4CC400C7FEDB /* Geohash.swift */; };
		C32F1BB124C249D700FCE910 /* AppDelegate.swift in Sources */ = {isa = PBXBuildFile; fileRef = C32F1BB024C249D700FCE910 /* AppDelegate.swift */; };
		C32F1BB324C249D700FCE910 /* SceneDelegate.swift in Sources */ = {isa = PBXBuildFile; fileRef = C32F1BB224C249D700FCE910 /* SceneDelegate.swift */; };
		C32F1BB524C249D700FCE910 /* ContentView.swift in Sources */ = {isa = PBXBuildFile; fileRef = C32F1BB424C249D700FCE910 /* ContentView.swift */; };
		C32F1BB724C249DD00FCE910 /* Assets.xcassets in Resources */ = {isa = PBXBuildFile; fileRef = C32F1BB624C249DD00FCE910 /* Assets.xcassets */; };
		C32F1BBA24C249DD00FCE910 /* Preview Assets.xcassets in Resources */ = {isa = PBXBuildFile; fileRef = C32F1BB924C249DD00FCE910 /* Preview Assets.xcassets */; };
		C32F1BBD24C249DD00FCE910 /* LaunchScreen.storyboard in Resources */ = {isa = PBXBuildFile; fileRef = C32F1BBB24C249DD00FCE910 /* LaunchScreen.storyboard */; };
		C32F1BC524C24B2400FCE910 /* DemoManager.swift in Sources */ = {isa = PBXBuildFile; fileRef = C32F1BC424C24B2400FCE910 /* DemoManager.swift */; };
		C3A401DA24D0BD6200696F51 /* DemoStateManager.swift in Sources */ = {isa = PBXBuildFile; fileRef = C3A401D924D0BD6200696F51 /* DemoStateManager.swift */; };
		C3A401DC24D0BDD200696F51 /* DemoModel.swift in Sources */ = {isa = PBXBuildFile; fileRef = C3A401DB24D0BDD200696F51 /* DemoModel.swift */; };
		C3A401DD24D0BDD200696F51 /* DemoModel.swift in Sources */ = {isa = PBXBuildFile; fileRef = C3A401DB24D0BDD200696F51 /* DemoModel.swift */; };
		C3ABEA3A24CF4CC400C7FEDB /* Geohash.swift in Sources */ = {isa = PBXBuildFile; fileRef = C3ABEA3924CF4CC400C7FEDB /* Geohash.swift */; };
		C3ABEA4124CF7FB900C7FEDB /* Interface.storyboard in Resources */ = {isa = PBXBuildFile; fileRef = C3ABEA3F24CF7FB900C7FEDB /* Interface.storyboard */; };
		C3ABEA4324CF7FBF00C7FEDB /* Assets.xcassets in Resources */ = {isa = PBXBuildFile; fileRef = C3ABEA4224CF7FBF00C7FEDB /* Assets.xcassets */; };
		C3ABEA4A24CF7FBF00C7FEDB /* watch-demo Extension.appex in Embed App Extensions */ = {isa = PBXBuildFile; fileRef = C3ABEA4924CF7FBF00C7FEDB /* watch-demo Extension.appex */; settings = {ATTRIBUTES = (RemoveHeadersOnCopy, ); }; };
		C3ABEA4F24CF7FBF00C7FEDB /* ContentView.swift in Sources */ = {isa = PBXBuildFile; fileRef = C3ABEA4E24CF7FBF00C7FEDB /* ContentView.swift */; };
		C3ABEA5124CF7FBF00C7FEDB /* HostingController.swift in Sources */ = {isa = PBXBuildFile; fileRef = C3ABEA5024CF7FBF00C7FEDB /* HostingController.swift */; };
		C3ABEA5324CF7FBF00C7FEDB /* ExtensionDelegate.swift in Sources */ = {isa = PBXBuildFile; fileRef = C3ABEA5224CF7FBF00C7FEDB /* ExtensionDelegate.swift */; };
		C3ABEA5524CF7FBF00C7FEDB /* ComplicationController.swift in Sources */ = {isa = PBXBuildFile; fileRef = C3ABEA5424CF7FBF00C7FEDB /* ComplicationController.swift */; };
		C3ABEA5724CF7FC100C7FEDB /* Assets.xcassets in Resources */ = {isa = PBXBuildFile; fileRef = C3ABEA5624CF7FC100C7FEDB /* Assets.xcassets */; };
		C3ABEA5A24CF7FC100C7FEDB /* Preview Assets.xcassets in Resources */ = {isa = PBXBuildFile; fileRef = C3ABEA5924CF7FC100C7FEDB /* Preview Assets.xcassets */; };
		C3ABEA5E24CF7FC100C7FEDB /* watch-demo.app in Embed Watch Content */ = {isa = PBXBuildFile; fileRef = C3ABEA3D24CF7FB900C7FEDB /* watch-demo.app */; settings = {ATTRIBUTES = (RemoveHeadersOnCopy, ); }; };
/* End PBXBuildFile section */

/* Begin PBXContainerItemProxy section */
		C3ABEA4B24CF7FBF00C7FEDB /* PBXContainerItemProxy */ = {
			isa = PBXContainerItemProxy;
			containerPortal = C32F1BA524C249D700FCE910 /* Project object */;
			proxyType = 1;
			remoteGlobalIDString = C3ABEA4824CF7FBF00C7FEDB;
			remoteInfo = "watch-demo Extension";
		};
		C3ABEA5C24CF7FC100C7FEDB /* PBXContainerItemProxy */ = {
			isa = PBXContainerItemProxy;
			containerPortal = C32F1BA524C249D700FCE910 /* Project object */;
			proxyType = 1;
			remoteGlobalIDString = C3ABEA3C24CF7FB900C7FEDB;
			remoteInfo = "watch-demo";
		};
/* End PBXContainerItemProxy section */

/* Begin PBXCopyFilesBuildPhase section */
		C3ABEA6224CF7FC100C7FEDB /* Embed App Extensions */ = {
			isa = PBXCopyFilesBuildPhase;
			buildActionMask = 2147483647;
			dstPath = "";
			dstSubfolderSpec = 13;
			files = (
				C3ABEA4A24CF7FBF00C7FEDB /* watch-demo Extension.appex in Embed App Extensions */,
			);
			name = "Embed App Extensions";
			runOnlyForDeploymentPostprocessing = 0;
		};
		C3ABEA6624CF7FC100C7FEDB /* Embed Watch Content */ = {
			isa = PBXCopyFilesBuildPhase;
			buildActionMask = 2147483647;
			dstPath = "$(CONTENTS_FOLDER_PATH)/Watch";
			dstSubfolderSpec = 16;
			files = (
				C3ABEA5E24CF7FC100C7FEDB /* watch-demo.app in Embed Watch Content */,
			);
			name = "Embed Watch Content";
			runOnlyForDeploymentPostprocessing = 0;
		};
/* End PBXCopyFilesBuildPhase section */

/* Begin PBXFileReference section */
		2056EF122D0112133A6A7C34 /* Pods-watch-demo Extension.debug.xcconfig */ = {isa = PBXFileReference; includeInIndex = 1; lastKnownFileType = text.xcconfig; name = "Pods-watch-demo Extension.debug.xcconfig"; path = "Target Support Files/Pods-watch-demo Extension/Pods-watch-demo Extension.debug.xcconfig"; sourceTree = "<group>"; };
		43E10743EADA9109B7BB28E5 /* Pods-watch-demo Extension.release.xcconfig */ = {isa = PBXFileReference; includeInIndex = 1; lastKnownFileType = text.xcconfig; name = "Pods-watch-demo Extension.release.xcconfig"; path = "Target Support Files/Pods-watch-demo Extension/Pods-watch-demo Extension.release.xcconfig"; sourceTree = "<group>"; };
		5A8F8AD931E5D58BA978BBE3 /* Pods_covid_demo.framework */ = {isa = PBXFileReference; explicitFileType = wrapper.framework; includeInIndex = 0; path = Pods_covid_demo.framework; sourceTree = BUILT_PRODUCTS_DIR; };
		5CB7125A5D8E6B7658EAF32F /* Pods-covid-demo.release.xcconfig */ = {isa = PBXFileReference; includeInIndex = 1; lastKnownFileType = text.xcconfig; name = "Pods-covid-demo.release.xcconfig"; path = "Target Support Files/Pods-covid-demo/Pods-covid-demo.release.xcconfig"; sourceTree = "<group>"; };
		91BD1557D6960483575D736F /* Pods-covid-demo.debug.xcconfig */ = {isa = PBXFileReference; includeInIndex = 1; lastKnownFileType = text.xcconfig; name = "Pods-covid-demo.debug.xcconfig"; path = "Target Support Files/Pods-covid-demo/Pods-covid-demo.debug.xcconfig"; sourceTree = "<group>"; };
		995F3E7D6C615EE6C20F56C7 /* Pods_watch_demo_Extension.framework */ = {isa = PBXFileReference; explicitFileType = wrapper.framework; includeInIndex = 0; path = Pods_watch_demo_Extension.framework; sourceTree = BUILT_PRODUCTS_DIR; };
		C32F1BAD24C249D700FCE910 /* covid-demo.app */ = {isa = PBXFileReference; explicitFileType = wrapper.application; includeInIndex = 0; path = "covid-demo.app"; sourceTree = BUILT_PRODUCTS_DIR; };
		C32F1BB024C249D700FCE910 /* AppDelegate.swift */ = {isa = PBXFileReference; lastKnownFileType = sourcecode.swift; path = AppDelegate.swift; sourceTree = "<group>"; };
		C32F1BB224C249D700FCE910 /* SceneDelegate.swift */ = {isa = PBXFileReference; lastKnownFileType = sourcecode.swift; path = SceneDelegate.swift; sourceTree = "<group>"; };
		C32F1BB424C249D700FCE910 /* ContentView.swift */ = {isa = PBXFileReference; lastKnownFileType = sourcecode.swift; path = ContentView.swift; sourceTree = "<group>"; };
		C32F1BB624C249DD00FCE910 /* Assets.xcassets */ = {isa = PBXFileReference; lastKnownFileType = folder.assetcatalog; path = Assets.xcassets; sourceTree = "<group>"; };
		C32F1BB924C249DD00FCE910 /* Preview Assets.xcassets */ = {isa = PBXFileReference; lastKnownFileType = folder.assetcatalog; path = "Preview Assets.xcassets"; sourceTree = "<group>"; };
		C32F1BBC24C249DD00FCE910 /* Base */ = {isa = PBXFileReference; lastKnownFileType = file.storyboard; name = Base; path = Base.lproj/LaunchScreen.storyboard; sourceTree = "<group>"; };
		C32F1BBE24C249DD00FCE910 /* Info.plist */ = {isa = PBXFileReference; lastKnownFileType = text.plist.xml; path = Info.plist; sourceTree = "<group>"; };
		C32F1BC424C24B2400FCE910 /* DemoManager.swift */ = {isa = PBXFileReference; lastKnownFileType = sourcecode.swift; path = DemoManager.swift; sourceTree = "<group>"; };
		C3A401D924D0BD6200696F51 /* DemoStateManager.swift */ = {isa = PBXFileReference; lastKnownFileType = sourcecode.swift; path = DemoStateManager.swift; sourceTree = "<group>"; };
		C3A401DB24D0BDD200696F51 /* DemoModel.swift */ = {isa = PBXFileReference; lastKnownFileType = sourcecode.swift; path = DemoModel.swift; sourceTree = "<group>"; };
		C3ABEA3924CF4CC400C7FEDB /* Geohash.swift */ = {isa = PBXFileReference; lastKnownFileType = sourcecode.swift; path = Geohash.swift; sourceTree = "<group>"; };
		C3ABEA3D24CF7FB900C7FEDB /* watch-demo.app */ = {isa = PBXFileReference; explicitFileType = wrapper.application; includeInIndex = 0; path = "watch-demo.app"; sourceTree = BUILT_PRODUCTS_DIR; };
		C3ABEA4024CF7FB900C7FEDB /* Base */ = {isa = PBXFileReference; lastKnownFileType = file.storyboard; name = Base; path = Base.lproj/Interface.storyboard; sourceTree = "<group>"; };
		C3ABEA4224CF7FBF00C7FEDB /* Assets.xcassets */ = {isa = PBXFileReference; lastKnownFileType = folder.assetcatalog; path = Assets.xcassets; sourceTree = "<group>"; };
		C3ABEA4424CF7FBF00C7FEDB /* Info.plist */ = {isa = PBXFileReference; lastKnownFileType = text.plist.xml; path = Info.plist; sourceTree = "<group>"; };
		C3ABEA4924CF7FBF00C7FEDB /* watch-demo Extension.appex */ = {isa = PBXFileReference; explicitFileType = "wrapper.app-extension"; includeInIndex = 0; path = "watch-demo Extension.appex"; sourceTree = BUILT_PRODUCTS_DIR; };
		C3ABEA4E24CF7FBF00C7FEDB /* ContentView.swift */ = {isa = PBXFileReference; lastKnownFileType = sourcecode.swift; path = ContentView.swift; sourceTree = "<group>"; };
		C3ABEA5024CF7FBF00C7FEDB /* HostingController.swift */ = {isa = PBXFileReference; lastKnownFileType = sourcecode.swift; path = HostingController.swift; sourceTree = "<group>"; };
		C3ABEA5224CF7FBF00C7FEDB /* ExtensionDelegate.swift */ = {isa = PBXFileReference; lastKnownFileType = sourcecode.swift; path = ExtensionDelegate.swift; sourceTree = "<group>"; };
		C3ABEA5424CF7FBF00C7FEDB /* ComplicationController.swift */ = {isa = PBXFileReference; lastKnownFileType = sourcecode.swift; path = ComplicationController.swift; sourceTree = "<group>"; };
		C3ABEA5624CF7FC100C7FEDB /* Assets.xcassets */ = {isa = PBXFileReference; lastKnownFileType = folder.assetcatalog; path = Assets.xcassets; sourceTree = "<group>"; };
		C3ABEA5924CF7FC100C7FEDB /* Preview Assets.xcassets */ = {isa = PBXFileReference; lastKnownFileType = folder.assetcatalog; path = "Preview Assets.xcassets"; sourceTree = "<group>"; };
		C3ABEA5B24CF7FC100C7FEDB /* Info.plist */ = {isa = PBXFileReference; lastKnownFileType = text.plist.xml; path = Info.plist; sourceTree = "<group>"; };
/* End PBXFileReference section */

/* Begin PBXFrameworksBuildPhase section */
		451CF119CA28D2F9E065A675 /* Frameworks */ = {
			isa = PBXFrameworksBuildPhase;
			buildActionMask = 2147483647;
			files = (
			);
			runOnlyForDeploymentPostprocessing = 0;
		};
		C32F1BAA24C249D700FCE910 /* Frameworks */ = {
			isa = PBXFrameworksBuildPhase;
			buildActionMask = 2147483647;
			files = (
				886E77B2A944CDABC339F5E6 /* Pods_covid_demo.framework in Frameworks */,
			);
			runOnlyForDeploymentPostprocessing = 0;
		};
		C3ABEA4624CF7FBF00C7FEDB /* Frameworks */ = {
			isa = PBXFrameworksBuildPhase;
			buildActionMask = 2147483647;
			files = (
				6611515BB10863644FDE3164 /* Pods_watch_demo_Extension.framework in Frameworks */,
			);
			runOnlyForDeploymentPostprocessing = 0;
		};
/* End PBXFrameworksBuildPhase section */

/* Begin PBXGroup section */
		BDB2B4E05A0F2314669A71B0 /* Pods */ = {
			isa = PBXGroup;
			children = (
				91BD1557D6960483575D736F /* Pods-covid-demo.debug.xcconfig */,
				5CB7125A5D8E6B7658EAF32F /* Pods-covid-demo.release.xcconfig */,
				2056EF122D0112133A6A7C34 /* Pods-watch-demo Extension.debug.xcconfig */,
				43E10743EADA9109B7BB28E5 /* Pods-watch-demo Extension.release.xcconfig */,
			);
			path = Pods;
			sourceTree = "<group>";
		};
		C32F1BA424C249D700FCE910 = {
			isa = PBXGroup;
			children = (
				C32F1BAF24C249D700FCE910 /* covid-demo */,
				C3ABEA3E24CF7FB900C7FEDB /* watch-demo */,
				C3ABEA4D24CF7FBF00C7FEDB /* watch-demo Extension */,
				C32F1BAE24C249D700FCE910 /* Products */,
				BDB2B4E05A0F2314669A71B0 /* Pods */,
				FD1757CFD78ED34DF38BEF97 /* Frameworks */,
			);
			sourceTree = "<group>";
		};
		C32F1BAE24C249D700FCE910 /* Products */ = {
			isa = PBXGroup;
			children = (
				C32F1BAD24C249D700FCE910 /* covid-demo.app */,
				C3ABEA3D24CF7FB900C7FEDB /* watch-demo.app */,
				C3ABEA4924CF7FBF00C7FEDB /* watch-demo Extension.appex */,
			);
			name = Products;
			sourceTree = "<group>";
		};
		C32F1BAF24C249D700FCE910 /* covid-demo */ = {
			isa = PBXGroup;
			children = (
				C32F1BB024C249D700FCE910 /* AppDelegate.swift */,
				C32F1BB224C249D700FCE910 /* SceneDelegate.swift */,
				C32F1BB424C249D700FCE910 /* ContentView.swift */,
				C32F1BC424C24B2400FCE910 /* DemoManager.swift */,
				C3ABEA3924CF4CC400C7FEDB /* Geohash.swift */,
				C3A401DB24D0BDD200696F51 /* DemoModel.swift */,
				C32F1BB624C249DD00FCE910 /* Assets.xcassets */,
				C32F1BBB24C249DD00FCE910 /* LaunchScreen.storyboard */,
				C32F1BBE24C249DD00FCE910 /* Info.plist */,
				C32F1BB824C249DD00FCE910 /* Preview Content */,
			);
			path = "covid-demo";
			sourceTree = "<group>";
		};
		C32F1BB824C249DD00FCE910 /* Preview Content */ = {
			isa = PBXGroup;
			children = (
				C32F1BB924C249DD00FCE910 /* Preview Assets.xcassets */,
			);
			path = "Preview Content";
			sourceTree = "<group>";
		};
		C3ABEA3E24CF7FB900C7FEDB /* watch-demo */ = {
			isa = PBXGroup;
			children = (
				C3ABEA3F24CF7FB900C7FEDB /* Interface.storyboard */,
				C3ABEA4224CF7FBF00C7FEDB /* Assets.xcassets */,
				C3ABEA4424CF7FBF00C7FEDB /* Info.plist */,
			);
			path = "watch-demo";
			sourceTree = "<group>";
		};
		C3ABEA4D24CF7FBF00C7FEDB /* watch-demo Extension */ = {
			isa = PBXGroup;
			children = (
				C3ABEA4E24CF7FBF00C7FEDB /* ContentView.swift */,
				C3ABEA5024CF7FBF00C7FEDB /* HostingController.swift */,
				C3ABEA5224CF7FBF00C7FEDB /* ExtensionDelegate.swift */,
				C3ABEA5424CF7FBF00C7FEDB /* ComplicationController.swift */,
				C3A401D924D0BD6200696F51 /* DemoStateManager.swift */,
				C3ABEA5624CF7FC100C7FEDB /* Assets.xcassets */,
				C3ABEA5B24CF7FC100C7FEDB /* Info.plist */,
				C3ABEA5824CF7FC100C7FEDB /* Preview Content */,
			);
			path = "watch-demo Extension";
			sourceTree = "<group>";
		};
		C3ABEA5824CF7FC100C7FEDB /* Preview Content */ = {
			isa = PBXGroup;
			children = (
				C3ABEA5924CF7FC100C7FEDB /* Preview Assets.xcassets */,
			);
			path = "Preview Content";
			sourceTree = "<group>";
		};
		FD1757CFD78ED34DF38BEF97 /* Frameworks */ = {
			isa = PBXGroup;
			children = (
				5A8F8AD931E5D58BA978BBE3 /* Pods_covid_demo.framework */,
				995F3E7D6C615EE6C20F56C7 /* Pods_watch_demo_Extension.framework */,
			);
			name = Frameworks;
			sourceTree = "<group>";
		};
/* End PBXGroup section */

/* Begin PBXNativeTarget section */
		C32F1BAC24C249D700FCE910 /* covid-demo */ = {
			isa = PBXNativeTarget;
			buildConfigurationList = C32F1BC124C249DD00FCE910 /* Build configuration list for PBXNativeTarget "covid-demo" */;
			buildPhases = (
				AF90DDD87A3617ACEC835C9B /* [CP] Check Pods Manifest.lock */,
				C32F1BA924C249D700FCE910 /* Sources */,
				C32F1BAA24C249D700FCE910 /* Frameworks */,
				C32F1BAB24C249D700FCE910 /* Resources */,
				C3ABEA6624CF7FC100C7FEDB /* Embed Watch Content */,
				2915B0693817D645584F7344 /* [CP] Embed Pods Frameworks */,
			);
			buildRules = (
			);
			dependencies = (
				C3ABEA5D24CF7FC100C7FEDB /* PBXTargetDependency */,
			);
			name = "covid-demo";
			productName = "covid-demo";
			productReference = C32F1BAD24C249D700FCE910 /* covid-demo.app */;
			productType = "com.apple.product-type.application";
		};
		C3ABEA3C24CF7FB900C7FEDB /* watch-demo */ = {
			isa = PBXNativeTarget;
			buildConfigurationList = C3ABEA6324CF7FC100C7FEDB /* Build configuration list for PBXNativeTarget "watch-demo" */;
			buildPhases = (
				C3ABEA3B24CF7FB900C7FEDB /* Resources */,
				C3ABEA6224CF7FC100C7FEDB /* Embed App Extensions */,
				451CF119CA28D2F9E065A675 /* Frameworks */,
			);
			buildRules = (
			);
			dependencies = (
				C3ABEA4C24CF7FBF00C7FEDB /* PBXTargetDependency */,
			);
			name = "watch-demo";
			productName = "watch-demo";
			productReference = C3ABEA3D24CF7FB900C7FEDB /* watch-demo.app */;
			productType = "com.apple.product-type.application.watchapp2";
		};
		C3ABEA4824CF7FBF00C7FEDB /* watch-demo Extension */ = {
			isa = PBXNativeTarget;
			buildConfigurationList = C3ABEA5F24CF7FC100C7FEDB /* Build configuration list for PBXNativeTarget "watch-demo Extension" */;
			buildPhases = (
				75B5D4722B3BB9A8D2D5E3A9 /* [CP] Check Pods Manifest.lock */,
				C3ABEA4524CF7FBF00C7FEDB /* Sources */,
				C3ABEA4624CF7FBF00C7FEDB /* Frameworks */,
				C3ABEA4724CF7FBF00C7FEDB /* Resources */,
				1C6B530294CC0F1EA701484A /* [CP] Embed Pods Frameworks */,
			);
			buildRules = (
			);
			dependencies = (
			);
			name = "watch-demo Extension";
			productName = "watch-demo Extension";
			productReference = C3ABEA4924CF7FBF00C7FEDB /* watch-demo Extension.appex */;
			productType = "com.apple.product-type.watchkit2-extension";
		};
/* End PBXNativeTarget section */

/* Begin PBXProject section */
		C32F1BA524C249D700FCE910 /* Project object */ = {
			isa = PBXProject;
			attributes = {
				LastSwiftUpdateCheck = 1150;
				LastUpgradeCheck = 1150;
				ORGANIZATIONNAME = "Geo Web Project";
				TargetAttributes = {
					C32F1BAC24C249D700FCE910 = {
						CreatedOnToolsVersion = 11.5;
					};
					C3ABEA3C24CF7FB900C7FEDB = {
						CreatedOnToolsVersion = 11.5;
					};
					C3ABEA4824CF7FBF00C7FEDB = {
						CreatedOnToolsVersion = 11.5;
					};
				};
			};
			buildConfigurationList = C32F1BA824C249D700FCE910 /* Build configuration list for PBXProject "covid-demo" */;
			compatibilityVersion = "Xcode 9.3";
			developmentRegion = en;
			hasScannedForEncodings = 0;
			knownRegions = (
				en,
				Base,
			);
			mainGroup = C32F1BA424C249D700FCE910;
			productRefGroup = C32F1BAE24C249D700FCE910 /* Products */;
			projectDirPath = "";
			projectRoot = "";
			targets = (
				C32F1BAC24C249D700FCE910 /* covid-demo */,
				C3ABEA3C24CF7FB900C7FEDB /* watch-demo */,
				C3ABEA4824CF7FBF00C7FEDB /* watch-demo Extension */,
			);
		};
/* End PBXProject section */

/* Begin PBXResourcesBuildPhase section */
		C32F1BAB24C249D700FCE910 /* Resources */ = {
			isa = PBXResourcesBuildPhase;
			buildActionMask = 2147483647;
			files = (
				C32F1BBD24C249DD00FCE910 /* LaunchScreen.storyboard in Resources */,
				C32F1BBA24C249DD00FCE910 /* Preview Assets.xcassets in Resources */,
				C32F1BB724C249DD00FCE910 /* Assets.xcassets in Resources */,
			);
			runOnlyForDeploymentPostprocessing = 0;
		};
		C3ABEA3B24CF7FB900C7FEDB /* Resources */ = {
			isa = PBXResourcesBuildPhase;
			buildActionMask = 2147483647;
			files = (
				C3ABEA4324CF7FBF00C7FEDB /* Assets.xcassets in Resources */,
				C3ABEA4124CF7FB900C7FEDB /* Interface.storyboard in Resources */,
			);
			runOnlyForDeploymentPostprocessing = 0;
		};
		C3ABEA4724CF7FBF00C7FEDB /* Resources */ = {
			isa = PBXResourcesBuildPhase;
			buildActionMask = 2147483647;
			files = (
				C3ABEA5A24CF7FC100C7FEDB /* Preview Assets.xcassets in Resources */,
				C3ABEA5724CF7FC100C7FEDB /* Assets.xcassets in Resources */,
			);
			runOnlyForDeploymentPostprocessing = 0;
		};
/* End PBXResourcesBuildPhase section */

/* Begin PBXShellScriptBuildPhase section */
		1C6B530294CC0F1EA701484A /* [CP] Embed Pods Frameworks */ = {
			isa = PBXShellScriptBuildPhase;
			buildActionMask = 2147483647;
			files = (
			);
			inputFileListPaths = (
				"${PODS_ROOT}/Target Support Files/Pods-watch-demo Extension/Pods-watch-demo Extension-frameworks-${CONFIGURATION}-input-files.xcfilelist",
			);
			name = "[CP] Embed Pods Frameworks";
			outputFileListPaths = (
				"${PODS_ROOT}/Target Support Files/Pods-watch-demo Extension/Pods-watch-demo Extension-frameworks-${CONFIGURATION}-output-files.xcfilelist",
			);
			runOnlyForDeploymentPostprocessing = 0;
			shellPath = /bin/sh;
			shellScript = "\"${PODS_ROOT}/Target Support Files/Pods-watch-demo Extension/Pods-watch-demo Extension-frameworks.sh\"\n";
			showEnvVarsInLog = 0;
		};
		2915B0693817D645584F7344 /* [CP] Embed Pods Frameworks */ = {
			isa = PBXShellScriptBuildPhase;
			buildActionMask = 2147483647;
			files = (
			);
			inputFileListPaths = (
				"${PODS_ROOT}/Target Support Files/Pods-covid-demo/Pods-covid-demo-frameworks-${CONFIGURATION}-input-files.xcfilelist",
			);
			name = "[CP] Embed Pods Frameworks";
			outputFileListPaths = (
				"${PODS_ROOT}/Target Support Files/Pods-covid-demo/Pods-covid-demo-frameworks-${CONFIGURATION}-output-files.xcfilelist",
			);
			runOnlyForDeploymentPostprocessing = 0;
			shellPath = /bin/sh;
			shellScript = "\"${PODS_ROOT}/Target Support Files/Pods-covid-demo/Pods-covid-demo-frameworks.sh\"\n";
			showEnvVarsInLog = 0;
		};
		75B5D4722B3BB9A8D2D5E3A9 /* [CP] Check Pods Manifest.lock */ = {
			isa = PBXShellScriptBuildPhase;
			buildActionMask = 2147483647;
			files = (
			);
			inputFileListPaths = (
			);
			inputPaths = (
				"${PODS_PODFILE_DIR_PATH}/Podfile.lock",
				"${PODS_ROOT}/Manifest.lock",
			);
			name = "[CP] Check Pods Manifest.lock";
			outputFileListPaths = (
			);
			outputPaths = (
				"$(DERIVED_FILE_DIR)/Pods-watch-demo Extension-checkManifestLockResult.txt",
			);
			runOnlyForDeploymentPostprocessing = 0;
			shellPath = /bin/sh;
			shellScript = "diff \"${PODS_PODFILE_DIR_PATH}/Podfile.lock\" \"${PODS_ROOT}/Manifest.lock\" > /dev/null\nif [ $? != 0 ] ; then\n    # print error to STDERR\n    echo \"error: The sandbox is not in sync with the Podfile.lock. Run 'pod install' or update your CocoaPods installation.\" >&2\n    exit 1\nfi\n# This output is used by Xcode 'outputs' to avoid re-running this script phase.\necho \"SUCCESS\" > \"${SCRIPT_OUTPUT_FILE_0}\"\n";
			showEnvVarsInLog = 0;
		};
		AF90DDD87A3617ACEC835C9B /* [CP] Check Pods Manifest.lock */ = {
			isa = PBXShellScriptBuildPhase;
			buildActionMask = 2147483647;
			files = (
			);
			inputFileListPaths = (
			);
			inputPaths = (
				"${PODS_PODFILE_DIR_PATH}/Podfile.lock",
				"${PODS_ROOT}/Manifest.lock",
			);
			name = "[CP] Check Pods Manifest.lock";
			outputFileListPaths = (
			);
			outputPaths = (
				"$(DERIVED_FILE_DIR)/Pods-covid-demo-checkManifestLockResult.txt",
			);
			runOnlyForDeploymentPostprocessing = 0;
			shellPath = /bin/sh;
			shellScript = "diff \"${PODS_PODFILE_DIR_PATH}/Podfile.lock\" \"${PODS_ROOT}/Manifest.lock\" > /dev/null\nif [ $? != 0 ] ; then\n    # print error to STDERR\n    echo \"error: The sandbox is not in sync with the Podfile.lock. Run 'pod install' or update your CocoaPods installation.\" >&2\n    exit 1\nfi\n# This output is used by Xcode 'outputs' to avoid re-running this script phase.\necho \"SUCCESS\" > \"${SCRIPT_OUTPUT_FILE_0}\"\n";
			showEnvVarsInLog = 0;
		};
/* End PBXShellScriptBuildPhase section */

/* Begin PBXSourcesBuildPhase section */
		C32F1BA924C249D700FCE910 /* Sources */ = {
			isa = PBXSourcesBuildPhase;
			buildActionMask = 2147483647;
			files = (
				C32F1BC524C24B2400FCE910 /* DemoManager.swift in Sources */,
				C32F1BB124C249D700FCE910 /* AppDelegate.swift in Sources */,
				C3ABEA3A24CF4CC400C7FEDB /* Geohash.swift in Sources */,
				C32F1BB324C249D700FCE910 /* SceneDelegate.swift in Sources */,
				C3A401DC24D0BDD200696F51 /* DemoModel.swift in Sources */,
				C32F1BB524C249D700FCE910 /* ContentView.swift in Sources */,
			);
			runOnlyForDeploymentPostprocessing = 0;
		};
		C3ABEA4524CF7FBF00C7FEDB /* Sources */ = {
			isa = PBXSourcesBuildPhase;
			buildActionMask = 2147483647;
			files = (
				C3A401DA24D0BD6200696F51 /* DemoStateManager.swift in Sources */,
				C3ABEA5124CF7FBF00C7FEDB /* HostingController.swift in Sources */,
				C3A401DD24D0BDD200696F51 /* DemoModel.swift in Sources */,
				C3ABEA5524CF7FBF00C7FEDB /* ComplicationController.swift in Sources */,
				C31DD06224CFA49F00285199 /* Geohash.swift in Sources */,
				C3ABEA4F24CF7FBF00C7FEDB /* ContentView.swift in Sources */,
				C3ABEA5324CF7FBF00C7FEDB /* ExtensionDelegate.swift in Sources */,
			);
			runOnlyForDeploymentPostprocessing = 0;
		};
/* End PBXSourcesBuildPhase section */

/* Begin PBXTargetDependency section */
		C3ABEA4C24CF7FBF00C7FEDB /* PBXTargetDependency */ = {
			isa = PBXTargetDependency;
			target = C3ABEA4824CF7FBF00C7FEDB /* watch-demo Extension */;
			targetProxy = C3ABEA4B24CF7FBF00C7FEDB /* PBXContainerItemProxy */;
		};
		C3ABEA5D24CF7FC100C7FEDB /* PBXTargetDependency */ = {
			isa = PBXTargetDependency;
			target = C3ABEA3C24CF7FB900C7FEDB /* watch-demo */;
			targetProxy = C3ABEA5C24CF7FC100C7FEDB /* PBXContainerItemProxy */;
		};
/* End PBXTargetDependency section */

/* Begin PBXVariantGroup section */
		C32F1BBB24C249DD00FCE910 /* LaunchScreen.storyboard */ = {
			isa = PBXVariantGroup;
			children = (
				C32F1BBC24C249DD00FCE910 /* Base */,
			);
			name = LaunchScreen.storyboard;
			sourceTree = "<group>";
		};
		C3ABEA3F24CF7FB900C7FEDB /* Interface.storyboard */ = {
			isa = PBXVariantGroup;
			children = (
				C3ABEA4024CF7FB900C7FEDB /* Base */,
			);
			name = Interface.storyboard;
			sourceTree = "<group>";
		};
/* End PBXVariantGroup section */

/* Begin XCBuildConfiguration section */
		C32F1BBF24C249DD00FCE910 /* Debug */ = {
			isa = XCBuildConfiguration;
			buildSettings = {
				ALWAYS_SEARCH_USER_PATHS = NO;
				CLANG_ANALYZER_NONNULL = YES;
				CLANG_ANALYZER_NUMBER_OBJECT_CONVERSION = YES_AGGRESSIVE;
				CLANG_CXX_LANGUAGE_STANDARD = "gnu++14";
				CLANG_CXX_LIBRARY = "libc++";
				CLANG_ENABLE_MODULES = YES;
				CLANG_ENABLE_OBJC_ARC = YES;
				CLANG_ENABLE_OBJC_WEAK = YES;
				CLANG_WARN_BLOCK_CAPTURE_AUTORELEASING = YES;
				CLANG_WARN_BOOL_CONVERSION = YES;
				CLANG_WARN_COMMA = YES;
				CLANG_WARN_CONSTANT_CONVERSION = YES;
				CLANG_WARN_DEPRECATED_OBJC_IMPLEMENTATIONS = YES;
				CLANG_WARN_DIRECT_OBJC_ISA_USAGE = YES_ERROR;
				CLANG_WARN_DOCUMENTATION_COMMENTS = YES;
				CLANG_WARN_EMPTY_BODY = YES;
				CLANG_WARN_ENUM_CONVERSION = YES;
				CLANG_WARN_INFINITE_RECURSION = YES;
				CLANG_WARN_INT_CONVERSION = YES;
				CLANG_WARN_NON_LITERAL_NULL_CONVERSION = YES;
				CLANG_WARN_OBJC_IMPLICIT_RETAIN_SELF = YES;
				CLANG_WARN_OBJC_LITERAL_CONVERSION = YES;
				CLANG_WARN_OBJC_ROOT_CLASS = YES_ERROR;
				CLANG_WARN_RANGE_LOOP_ANALYSIS = YES;
				CLANG_WARN_STRICT_PROTOTYPES = YES;
				CLANG_WARN_SUSPICIOUS_MOVE = YES;
				CLANG_WARN_UNGUARDED_AVAILABILITY = YES_AGGRESSIVE;
				CLANG_WARN_UNREACHABLE_CODE = YES;
				CLANG_WARN__DUPLICATE_METHOD_MATCH = YES;
				COPY_PHASE_STRIP = NO;
				DEBUG_INFORMATION_FORMAT = dwarf;
				ENABLE_STRICT_OBJC_MSGSEND = YES;
				ENABLE_TESTABILITY = YES;
				GCC_C_LANGUAGE_STANDARD = gnu11;
				GCC_DYNAMIC_NO_PIC = NO;
				GCC_NO_COMMON_BLOCKS = YES;
				GCC_OPTIMIZATION_LEVEL = 0;
				GCC_PREPROCESSOR_DEFINITIONS = (
					"DEBUG=1",
					"$(inherited)",
				);
				GCC_WARN_64_TO_32_BIT_CONVERSION = YES;
				GCC_WARN_ABOUT_RETURN_TYPE = YES_ERROR;
				GCC_WARN_UNDECLARED_SELECTOR = YES;
				GCC_WARN_UNINITIALIZED_AUTOS = YES_AGGRESSIVE;
				GCC_WARN_UNUSED_FUNCTION = YES;
				GCC_WARN_UNUSED_VARIABLE = YES;
				IPHONEOS_DEPLOYMENT_TARGET = 13.5;
				MTL_ENABLE_DEBUG_INFO = INCLUDE_SOURCE;
				MTL_FAST_MATH = YES;
				ONLY_ACTIVE_ARCH = YES;
				SDKROOT = iphoneos;
				SWIFT_ACTIVE_COMPILATION_CONDITIONS = DEBUG;
				SWIFT_OPTIMIZATION_LEVEL = "-Onone";
			};
			name = Debug;
		};
		C32F1BC024C249DD00FCE910 /* Release */ = {
			isa = XCBuildConfiguration;
			buildSettings = {
				ALWAYS_SEARCH_USER_PATHS = NO;
				CLANG_ANALYZER_NONNULL = YES;
				CLANG_ANALYZER_NUMBER_OBJECT_CONVERSION = YES_AGGRESSIVE;
				CLANG_CXX_LANGUAGE_STANDARD = "gnu++14";
				CLANG_CXX_LIBRARY = "libc++";
				CLANG_ENABLE_MODULES = YES;
				CLANG_ENABLE_OBJC_ARC = YES;
				CLANG_ENABLE_OBJC_WEAK = YES;
				CLANG_WARN_BLOCK_CAPTURE_AUTORELEASING = YES;
				CLANG_WARN_BOOL_CONVERSION = YES;
				CLANG_WARN_COMMA = YES;
				CLANG_WARN_CONSTANT_CONVERSION = YES;
				CLANG_WARN_DEPRECATED_OBJC_IMPLEMENTATIONS = YES;
				CLANG_WARN_DIRECT_OBJC_ISA_USAGE = YES_ERROR;
				CLANG_WARN_DOCUMENTATION_COMMENTS = YES;
				CLANG_WARN_EMPTY_BODY = YES;
				CLANG_WARN_ENUM_CONVERSION = YES;
				CLANG_WARN_INFINITE_RECURSION = YES;
				CLANG_WARN_INT_CONVERSION = YES;
				CLANG_WARN_NON_LITERAL_NULL_CONVERSION = YES;
				CLANG_WARN_OBJC_IMPLICIT_RETAIN_SELF = YES;
				CLANG_WARN_OBJC_LITERAL_CONVERSION = YES;
				CLANG_WARN_OBJC_ROOT_CLASS = YES_ERROR;
				CLANG_WARN_RANGE_LOOP_ANALYSIS = YES;
				CLANG_WARN_STRICT_PROTOTYPES = YES;
				CLANG_WARN_SUSPICIOUS_MOVE = YES;
				CLANG_WARN_UNGUARDED_AVAILABILITY = YES_AGGRESSIVE;
				CLANG_WARN_UNREACHABLE_CODE = YES;
				CLANG_WARN__DUPLICATE_METHOD_MATCH = YES;
				COPY_PHASE_STRIP = NO;
				DEBUG_INFORMATION_FORMAT = "dwarf-with-dsym";
				ENABLE_NS_ASSERTIONS = NO;
				ENABLE_STRICT_OBJC_MSGSEND = YES;
				GCC_C_LANGUAGE_STANDARD = gnu11;
				GCC_NO_COMMON_BLOCKS = YES;
				GCC_WARN_64_TO_32_BIT_CONVERSION = YES;
				GCC_WARN_ABOUT_RETURN_TYPE = YES_ERROR;
				GCC_WARN_UNDECLARED_SELECTOR = YES;
				GCC_WARN_UNINITIALIZED_AUTOS = YES_AGGRESSIVE;
				GCC_WARN_UNUSED_FUNCTION = YES;
				GCC_WARN_UNUSED_VARIABLE = YES;
				IPHONEOS_DEPLOYMENT_TARGET = 13.5;
				MTL_ENABLE_DEBUG_INFO = NO;
				MTL_FAST_MATH = YES;
				SDKROOT = iphoneos;
				SWIFT_COMPILATION_MODE = wholemodule;
				SWIFT_OPTIMIZATION_LEVEL = "-O";
				VALIDATE_PRODUCT = YES;
			};
			name = Release;
		};
		C32F1BC224C249DD00FCE910 /* Debug */ = {
			isa = XCBuildConfiguration;
			baseConfigurationReference = 91BD1557D6960483575D736F /* Pods-covid-demo.debug.xcconfig */;
			buildSettings = {
				ASSETCATALOG_COMPILER_APPICON_NAME = AppIcon;
				CODE_SIGN_STYLE = Automatic;
				DEVELOPMENT_ASSET_PATHS = "\"covid-demo/Preview Content\"";
				DEVELOPMENT_TEAM = FG737T967B;
				ENABLE_PREVIEWS = YES;
				FRAMEWORK_SEARCH_PATHS = (
					"$(inherited)",
					"$(PROJECT_DIR)/Carthage/Build/iOS",
				);
				INFOPLIST_FILE = "covid-demo/Info.plist";
				LD_RUNPATH_SEARCH_PATHS = (
					"$(inherited)",
					"@executable_path/Frameworks",
				);
				PRODUCT_BUNDLE_IDENTIFIER = "me.codyhatfield.geo-web.covid-demo";
				PRODUCT_NAME = "$(TARGET_NAME)";
				SWIFT_OBJC_BRIDGING_HEADER = "";
				SWIFT_VERSION = 5.0;
				TARGETED_DEVICE_FAMILY = 1;
			};
			name = Debug;
		};
		C32F1BC324C249DD00FCE910 /* Release */ = {
			isa = XCBuildConfiguration;
			baseConfigurationReference = 5CB7125A5D8E6B7658EAF32F /* Pods-covid-demo.release.xcconfig */;
			buildSettings = {
				ASSETCATALOG_COMPILER_APPICON_NAME = AppIcon;
				CODE_SIGN_STYLE = Automatic;
				DEVELOPMENT_ASSET_PATHS = "\"covid-demo/Preview Content\"";
				DEVELOPMENT_TEAM = FG737T967B;
				ENABLE_PREVIEWS = YES;
				FRAMEWORK_SEARCH_PATHS = (
					"$(inherited)",
					"$(PROJECT_DIR)/Carthage/Build/iOS",
				);
				INFOPLIST_FILE = "covid-demo/Info.plist";
				LD_RUNPATH_SEARCH_PATHS = (
					"$(inherited)",
					"@executable_path/Frameworks",
				);
				PRODUCT_BUNDLE_IDENTIFIER = "me.codyhatfield.geo-web.covid-demo";
				PRODUCT_NAME = "$(TARGET_NAME)";
				SWIFT_OBJC_BRIDGING_HEADER = "";
				SWIFT_VERSION = 5.0;
				TARGETED_DEVICE_FAMILY = 1;
			};
			name = Release;
		};
		C3ABEA6024CF7FC100C7FEDB /* Debug */ = {
			isa = XCBuildConfiguration;
			baseConfigurationReference = 2056EF122D0112133A6A7C34 /* Pods-watch-demo Extension.debug.xcconfig */;
			buildSettings = {
				ASSETCATALOG_COMPILER_COMPLICATION_NAME = Complication;
				CODE_SIGN_STYLE = Automatic;
				DEVELOPMENT_ASSET_PATHS = "\"watch-demo Extension/Preview Content\"";
				DEVELOPMENT_TEAM = FG737T967B;
				ENABLE_PREVIEWS = YES;
				FRAMEWORK_SEARCH_PATHS = (
					"$(inherited)",
					"$(PROJECT_DIR)/Carthage/Build/iOS",
					"$(PROJECT_DIR)/Carthage/Build/watchOS",
				);
				INFOPLIST_FILE = "watch-demo Extension/Info.plist";
				LD_RUNPATH_SEARCH_PATHS = (
					"$(inherited)",
					"@executable_path/Frameworks",
					"@executable_path/../../Frameworks",
				);
				PRODUCT_BUNDLE_IDENTIFIER = "me.codyhatfield.geo-web.covid-demo.watchkitapp.watchkitextension";
				PRODUCT_NAME = "${TARGET_NAME}";
				SDKROOT = watchos;
				SKIP_INSTALL = YES;
				SWIFT_OBJC_BRIDGING_HEADER = "";
				SWIFT_VERSION = 5.0;
				TARGETED_DEVICE_FAMILY = 4;
				WATCHOS_DEPLOYMENT_TARGET = 6.2;
			};
			name = Debug;
		};
		C3ABEA6124CF7FC100C7FEDB /* Release */ = {
			isa = XCBuildConfiguration;
			baseConfigurationReference = 43E10743EADA9109B7BB28E5 /* Pods-watch-demo Extension.release.xcconfig */;
			buildSettings = {
				ASSETCATALOG_COMPILER_COMPLICATION_NAME = Complication;
				CODE_SIGN_STYLE = Automatic;
				DEVELOPMENT_ASSET_PATHS = "\"watch-demo Extension/Preview Content\"";
				DEVELOPMENT_TEAM = FG737T967B;
				ENABLE_PREVIEWS = YES;
				FRAMEWORK_SEARCH_PATHS = (
					"$(inherited)",
					"$(PROJECT_DIR)/Carthage/Build/iOS",
					"$(PROJECT_DIR)/Carthage/Build/watchOS",
				);
				INFOPLIST_FILE = "watch-demo Extension/Info.plist";
				LD_RUNPATH_SEARCH_PATHS = (
					"$(inherited)",
					"@executable_path/Frameworks",
					"@executable_path/../../Frameworks",
				);
				PRODUCT_BUNDLE_IDENTIFIER = "me.codyhatfield.geo-web.covid-demo.watchkitapp.watchkitextension";
				PRODUCT_NAME = "${TARGET_NAME}";
				SDKROOT = watchos;
				SKIP_INSTALL = YES;
				SWIFT_OBJC_BRIDGING_HEADER = "";
				SWIFT_VERSION = 5.0;
				TARGETED_DEVICE_FAMILY = 4;
				WATCHOS_DEPLOYMENT_TARGET = 6.2;
			};
			name = Release;
		};
		C3ABEA6424CF7FC100C7FEDB /* Debug */ = {
			isa = XCBuildConfiguration;
			buildSettings = {
				ALWAYS_EMBED_SWIFT_STANDARD_LIBRARIES = YES;
				ASSETCATALOG_COMPILER_APPICON_NAME = AppIcon;
				CODE_SIGN_STYLE = Automatic;
				DEVELOPMENT_TEAM = FG737T967B;
				IBSC_MODULE = watch_demo_Extension;
				INFOPLIST_FILE = "watch-demo/Info.plist";
				PRODUCT_BUNDLE_IDENTIFIER = "me.codyhatfield.geo-web.covid-demo.watchkitapp";
				PRODUCT_NAME = "$(TARGET_NAME)";
				SDKROOT = watchos;
				SKIP_INSTALL = YES;
				SWIFT_VERSION = 5.0;
				TARGETED_DEVICE_FAMILY = 4;
				WATCHOS_DEPLOYMENT_TARGET = 6.2;
			};
			name = Debug;
		};
		C3ABEA6524CF7FC100C7FEDB /* Release */ = {
			isa = XCBuildConfiguration;
			buildSettings = {
				ALWAYS_EMBED_SWIFT_STANDARD_LIBRARIES = YES;
				ASSETCATALOG_COMPILER_APPICON_NAME = AppIcon;
				CODE_SIGN_STYLE = Automatic;
				DEVELOPMENT_TEAM = FG737T967B;
				IBSC_MODULE = watch_demo_Extension;
				INFOPLIST_FILE = "watch-demo/Info.plist";
				PRODUCT_BUNDLE_IDENTIFIER = "me.codyhatfield.geo-web.covid-demo.watchkitapp";
				PRODUCT_NAME = "$(TARGET_NAME)";
				SDKROOT = watchos;
				SKIP_INSTALL = YES;
				SWIFT_VERSION = 5.0;
				TARGETED_DEVICE_FAMILY = 4;
				WATCHOS_DEPLOYMENT_TARGET = 6.2;
			};
			name = Release;
		};
/* End XCBuildConfiguration section */

/* Begin XCConfigurationList section */
		C32F1BA824C249D700FCE910 /* Build configuration list for PBXProject "covid-demo" */ = {
			isa = XCConfigurationList;
			buildConfigurations = (
				C32F1BBF24C249DD00FCE910 /* Debug */,
				C32F1BC024C249DD00FCE910 /* Release */,
			);
			defaultConfigurationIsVisible = 0;
			defaultConfigurationName = Release;
		};
		C32F1BC124C249DD00FCE910 /* Build configuration list for PBXNativeTarget "covid-demo" */ = {
			isa = XCConfigurationList;
			buildConfigurations = (
				C32F1BC224C249DD00FCE910 /* Debug */,
				C32F1BC324C249DD00FCE910 /* Release */,
			);
			defaultConfigurationIsVisible = 0;
			defaultConfigurationName = Release;
		};
		C3ABEA5F24CF7FC100C7FEDB /* Build configuration list for PBXNativeTarget "watch-demo Extension" */ = {
			isa = XCConfigurationList;
			buildConfigurations = (
				C3ABEA6024CF7FC100C7FEDB /* Debug */,
				C3ABEA6124CF7FC100C7FEDB /* Release */,
			);
			defaultConfigurationIsVisible = 0;
			defaultConfigurationName = Release;
		};
		C3ABEA6324CF7FC100C7FEDB /* Build configuration list for PBXNativeTarget "watch-demo" */ = {
			isa = XCConfigurationList;
			buildConfigurations = (
				C3ABEA6424CF7FC100C7FEDB /* Debug */,
				C3ABEA6524CF7FC100C7FEDB /* Release */,
			);
			defaultConfigurationIsVisible = 0;
			defaultConfigurationName = Release;
		};
/* End XCConfigurationList section */
	};
	rootObject = C32F1BA524C249D700FCE910 /* Project object */;
}
